// !$*UTF8*$!
{
	archiveVersion = 1;
	classes = {
	};
	objectVersion = 50;
	objects = {

/* Begin PBXBuildFile section */
		4F0F3D0D21EFDFD800B42A19 /* AppDelegate.swift in Sources */ = {isa = PBXBuildFile; fileRef = 4F0F3D0C21EFDFD800B42A19 /* AppDelegate.swift */; };
		4F0F3D0F21EFDFD800B42A19 /* ViewController.swift in Sources */ = {isa = PBXBuildFile; fileRef = 4F0F3D0E21EFDFD800B42A19 /* ViewController.swift */; };
		4F0F3D1221EFDFD800B42A19 /* Main.storyboard in Resources */ = {isa = PBXBuildFile; fileRef = 4F0F3D1021EFDFD800B42A19 /* Main.storyboard */; };
		4F0F3D1521EFDFD800B42A19 /* SenbayLive.xcdatamodeld in Sources */ = {isa = PBXBuildFile; fileRef = 4F0F3D1321EFDFD800B42A19 /* SenbayLive.xcdatamodeld */; };
		4F0F3D1721EFDFDA00B42A19 /* Assets.xcassets in Resources */ = {isa = PBXBuildFile; fileRef = 4F0F3D1621EFDFDA00B42A19 /* Assets.xcassets */; };
		4F0F3D1A21EFDFDA00B42A19 /* LaunchScreen.storyboard in Resources */ = {isa = PBXBuildFile; fileRef = 4F0F3D1821EFDFDA00B42A19 /* LaunchScreen.storyboard */; };
		4F0F3D2521EFDFDA00B42A19 /* SenbayLiveTests.swift in Sources */ = {isa = PBXBuildFile; fileRef = 4F0F3D2421EFDFDA00B42A19 /* SenbayLiveTests.swift */; };
		4F0F3D3021EFDFDA00B42A19 /* SenbayLiveUITests.swift in Sources */ = {isa = PBXBuildFile; fileRef = 4F0F3D2F21EFDFDA00B42A19 /* SenbayLiveUITests.swift */; };
/* End PBXBuildFile section */

/* Begin PBXContainerItemProxy section */
		4F0F3D2121EFDFDA00B42A19 /* PBXContainerItemProxy */ = {
			isa = PBXContainerItemProxy;
			containerPortal = 4F0F3D0121EFDFD800B42A19 /* Project object */;
			proxyType = 1;
			remoteGlobalIDString = 4F0F3D0821EFDFD800B42A19;
			remoteInfo = SenbayLive;
		};
		4F0F3D2C21EFDFDA00B42A19 /* PBXContainerItemProxy */ = {
			isa = PBXContainerItemProxy;
			containerPortal = 4F0F3D0121EFDFD800B42A19 /* Project object */;
			proxyType = 1;
			remoteGlobalIDString = 4F0F3D0821EFDFD800B42A19;
			remoteInfo = SenbayLive;
		};
/* End PBXContainerItemProxy section */

/* Begin PBXFileReference section */
		4F0F3D0921EFDFD800B42A19 /* SenbayLive.app */ = {isa = PBXFileReference; explicitFileType = wrapper.application; includeInIndex = 0; path = SenbayLive.app; sourceTree = BUILT_PRODUCTS_DIR; };
		4F0F3D0C21EFDFD800B42A19 /* AppDelegate.swift */ = {isa = PBXFileReference; lastKnownFileType = sourcecode.swift; path = AppDelegate.swift; sourceTree = "<group>"; };
		4F0F3D0E21EFDFD800B42A19 /* ViewController.swift */ = {isa = PBXFileReference; lastKnownFileType = sourcecode.swift; path = ViewController.swift; sourceTree = "<group>"; };
		4F0F3D1121EFDFD800B42A19 /* Base */ = {isa = PBXFileReference; lastKnownFileType = file.storyboard; name = Base; path = Base.lproj/Main.storyboard; sourceTree = "<group>"; };
		4F0F3D1421EFDFD800B42A19 /* SenbayLive.xcdatamodel */ = {isa = PBXFileReference; lastKnownFileType = wrapper.xcdatamodel; path = SenbayLive.xcdatamodel; sourceTree = "<group>"; };
		4F0F3D1621EFDFDA00B42A19 /* Assets.xcassets */ = {isa = PBXFileReference; lastKnownFileType = folder.assetcatalog; path = Assets.xcassets; sourceTree = "<group>"; };
		4F0F3D1921EFDFDA00B42A19 /* Base */ = {isa = PBXFileReference; lastKnownFileType = file.storyboard; name = Base; path = Base.lproj/LaunchScreen.storyboard; sourceTree = "<group>"; };
		4F0F3D1B21EFDFDA00B42A19 /* Info.plist */ = {isa = PBXFileReference; lastKnownFileType = text.plist.xml; path = Info.plist; sourceTree = "<group>"; };
		4F0F3D2021EFDFDA00B42A19 /* SenbayLiveTests.xctest */ = {isa = PBXFileReference; explicitFileType = wrapper.cfbundle; includeInIndex = 0; path = SenbayLiveTests.xctest; sourceTree = BUILT_PRODUCTS_DIR; };
		4F0F3D2421EFDFDA00B42A19 /* SenbayLiveTests.swift */ = {isa = PBXFileReference; lastKnownFileType = sourcecode.swift; path = SenbayLiveTests.swift; sourceTree = "<group>"; };
		4F0F3D2621EFDFDA00B42A19 /* Info.plist */ = {isa = PBXFileReference; lastKnownFileType = text.plist.xml; path = Info.plist; sourceTree = "<group>"; };
		4F0F3D2B21EFDFDA00B42A19 /* SenbayLiveUITests.xctest */ = {isa = PBXFileReference; explicitFileType = wrapper.cfbundle; includeInIndex = 0; path = SenbayLiveUITests.xctest; sourceTree = BUILT_PRODUCTS_DIR; };
		4F0F3D2F21EFDFDA00B42A19 /* SenbayLiveUITests.swift */ = {isa = PBXFileReference; lastKnownFileType = sourcecode.swift; path = SenbayLiveUITests.swift; sourceTree = "<group>"; };
		4F0F3D3121EFDFDA00B42A19 /* Info.plist */ = {isa = PBXFileReference; lastKnownFileType = text.plist.xml; path = Info.plist; sourceTree = "<group>"; };
/* End PBXFileReference section */

/* Begin PBXFrameworksBuildPhase section */
		4F0F3D0621EFDFD800B42A19 /* Frameworks */ = {
			isa = PBXFrameworksBuildPhase;
			buildActionMask = 2147483647;
			files = (
			);
			runOnlyForDeploymentPostprocessing = 0;
		};
		4F0F3D1D21EFDFDA00B42A19 /* Frameworks */ = {
			isa = PBXFrameworksBuildPhase;
			buildActionMask = 2147483647;
			files = (
			);
			runOnlyForDeploymentPostprocessing = 0;
		};
		4F0F3D2821EFDFDA00B42A19 /* Frameworks */ = {
			isa = PBXFrameworksBuildPhase;
			buildActionMask = 2147483647;
			files = (
			);
			runOnlyForDeploymentPostprocessing = 0;
		};
/* End PBXFrameworksBuildPhase section */

/* Begin PBXGroup section */
		4F0F3D0021EFDFD800B42A19 = {
			isa = PBXGroup;
			children = (
				4F0F3D0B21EFDFD800B42A19 /* SenbayLive */,
				4F0F3D2321EFDFDA00B42A19 /* SenbayLiveTests */,
				4F0F3D2E21EFDFDA00B42A19 /* SenbayLiveUITests */,
				4F0F3D0A21EFDFD800B42A19 /* Products */,
			);
			sourceTree = "<group>";
		};
		4F0F3D0A21EFDFD800B42A19 /* Products */ = {
			isa = PBXGroup;
			children = (
				4F0F3D0921EFDFD800B42A19 /* SenbayLive.app */,
				4F0F3D2021EFDFDA00B42A19 /* SenbayLiveTests.xctest */,
				4F0F3D2B21EFDFDA00B42A19 /* SenbayLiveUITests.xctest */,
			);
			name = Products;
			sourceTree = "<group>";
		};
		4F0F3D0B21EFDFD800B42A19 /* SenbayLive */ = {
			isa = PBXGroup;
			children = (
				4F0F3D0C21EFDFD800B42A19 /* AppDelegate.swift */,
				4F0F3D0E21EFDFD800B42A19 /* ViewController.swift */,
				4F0F3D1021EFDFD800B42A19 /* Main.storyboard */,
				4F0F3D1621EFDFDA00B42A19 /* Assets.xcassets */,
				4F0F3D1821EFDFDA00B42A19 /* LaunchScreen.storyboard */,
				4F0F3D1B21EFDFDA00B42A19 /* Info.plist */,
				4F0F3D1321EFDFD800B42A19 /* SenbayLive.xcdatamodeld */,
			);
			path = SenbayLive;
			sourceTree = "<group>";
		};
		4F0F3D2321EFDFDA00B42A19 /* SenbayLiveTests */ = {
			isa = PBXGroup;
			children = (
				4F0F3D2421EFDFDA00B42A19 /* SenbayLiveTests.swift */,
				4F0F3D2621EFDFDA00B42A19 /* Info.plist */,
			);
			path = SenbayLiveTests;
			sourceTree = "<group>";
		};
		4F0F3D2E21EFDFDA00B42A19 /* SenbayLiveUITests */ = {
			isa = PBXGroup;
			children = (
				4F0F3D2F21EFDFDA00B42A19 /* SenbayLiveUITests.swift */,
				4F0F3D3121EFDFDA00B42A19 /* Info.plist */,
			);
			path = SenbayLiveUITests;
			sourceTree = "<group>";
		};
/* End PBXGroup section */

/* Begin PBXNativeTarget section */
		4F0F3D0821EFDFD800B42A19 /* SenbayLive */ = {
			isa = PBXNativeTarget;
			buildConfigurationList = 4F0F3D3421EFDFDA00B42A19 /* Build configuration list for PBXNativeTarget "SenbayLive" */;
			buildPhases = (
				4F0F3D0521EFDFD800B42A19 /* Sources */,
				4F0F3D0621EFDFD800B42A19 /* Frameworks */,
				4F0F3D0721EFDFD800B42A19 /* Resources */,
			);
			buildRules = (
			);
			dependencies = (
			);
			name = SenbayLive;
			productName = SenbayLive;
			productReference = 4F0F3D0921EFDFD800B42A19 /* SenbayLive.app */;
			productType = "com.apple.product-type.application";
		};
		4F0F3D1F21EFDFDA00B42A19 /* SenbayLiveTests */ = {
			isa = PBXNativeTarget;
			buildConfigurationList = 4F0F3D3721EFDFDA00B42A19 /* Build configuration list for PBXNativeTarget "SenbayLiveTests" */;
			buildPhases = (
				4F0F3D1C21EFDFDA00B42A19 /* Sources */,
				4F0F3D1D21EFDFDA00B42A19 /* Frameworks */,
				4F0F3D1E21EFDFDA00B42A19 /* Resources */,
			);
			buildRules = (
			);
			dependencies = (
				4F0F3D2221EFDFDA00B42A19 /* PBXTargetDependency */,
			);
			name = SenbayLiveTests;
			productName = SenbayLiveTests;
			productReference = 4F0F3D2021EFDFDA00B42A19 /* SenbayLiveTests.xctest */;
			productType = "com.apple.product-type.bundle.unit-test";
		};
		4F0F3D2A21EFDFDA00B42A19 /* SenbayLiveUITests */ = {
			isa = PBXNativeTarget;
			buildConfigurationList = 4F0F3D3A21EFDFDA00B42A19 /* Build configuration list for PBXNativeTarget "SenbayLiveUITests" */;
			buildPhases = (
				4F0F3D2721EFDFDA00B42A19 /* Sources */,
				4F0F3D2821EFDFDA00B42A19 /* Frameworks */,
				4F0F3D2921EFDFDA00B42A19 /* Resources */,
			);
			buildRules = (
			);
			dependencies = (
				4F0F3D2D21EFDFDA00B42A19 /* PBXTargetDependency */,
			);
			name = SenbayLiveUITests;
			productName = SenbayLiveUITests;
			productReference = 4F0F3D2B21EFDFDA00B42A19 /* SenbayLiveUITests.xctest */;
			productType = "com.apple.product-type.bundle.ui-testing";
		};
/* End PBXNativeTarget section */

/* Begin PBXProject section */
		4F0F3D0121EFDFD800B42A19 /* Project object */ = {
			isa = PBXProject;
			attributes = {
				LastSwiftUpdateCheck = 1010;
				LastUpgradeCheck = 1010;
				ORGANIZATIONNAME = "Yuuki Nishiyama";
				TargetAttributes = {
					4F0F3D0821EFDFD800B42A19 = {
						CreatedOnToolsVersion = 10.1;
					};
					4F0F3D1F21EFDFDA00B42A19 = {
						CreatedOnToolsVersion = 10.1;
						TestTargetID = 4F0F3D0821EFDFD800B42A19;
					};
					4F0F3D2A21EFDFDA00B42A19 = {
						CreatedOnToolsVersion = 10.1;
						TestTargetID = 4F0F3D0821EFDFD800B42A19;
					};
				};
			};
			buildConfigurationList = 4F0F3D0421EFDFD800B42A19 /* Build configuration list for PBXProject "SenbayLive" */;
			compatibilityVersion = "Xcode 9.3";
			developmentRegion = en;
			hasScannedForEncodings = 0;
			knownRegions = (
				en,
				Base,
			);
			mainGroup = 4F0F3D0021EFDFD800B42A19;
			productRefGroup = 4F0F3D0A21EFDFD800B42A19 /* Products */;
			projectDirPath = "";
			projectRoot = "";
			targets = (
				4F0F3D0821EFDFD800B42A19 /* SenbayLive */,
				4F0F3D1F21EFDFDA00B42A19 /* SenbayLiveTests */,
				4F0F3D2A21EFDFDA00B42A19 /* SenbayLiveUITests */,
			);
		};
/* End PBXProject section */

/* Begin PBXResourcesBuildPhase section */
		4F0F3D0721EFDFD800B42A19 /* Resources */ = {
			isa = PBXResourcesBuildPhase;
			buildActionMask = 2147483647;
			files = (
				4F0F3D1A21EFDFDA00B42A19 /* LaunchScreen.storyboard in Resources */,
				4F0F3D1721EFDFDA00B42A19 /* Assets.xcassets in Resources */,
				4F0F3D1221EFDFD800B42A19 /* Main.storyboard in Resources */,
			);
			runOnlyForDeploymentPostprocessing = 0;
		};
		4F0F3D1E21EFDFDA00B42A19 /* Resources */ = {
			isa = PBXResourcesBuildPhase;
			buildActionMask = 2147483647;
			files = (
			);
			runOnlyForDeploymentPostprocessing = 0;
		};
		4F0F3D2921EFDFDA00B42A19 /* Resources */ = {
			isa = PBXResourcesBuildPhase;
			buildActionMask = 2147483647;
			files = (
			);
			runOnlyForDeploymentPostprocessing = 0;
		};
/* End PBXResourcesBuildPhase section */

/* Begin PBXSourcesBuildPhase section */
		4F0F3D0521EFDFD800B42A19 /* Sources */ = {
			isa = PBXSourcesBuildPhase;
			buildActionMask = 2147483647;
			files = (
				4F0F3D0F21EFDFD800B42A19 /* ViewController.swift in Sources */,
				4F0F3D0D21EFDFD800B42A19 /* AppDelegate.swift in Sources */,
				4F0F3D1521EFDFD800B42A19 /* SenbayLive.xcdatamodeld in Sources */,
			);
			runOnlyForDeploymentPostprocessing = 0;
		};
		4F0F3D1C21EFDFDA00B42A19 /* Sources */ = {
			isa = PBXSourcesBuildPhase;
			buildActionMask = 2147483647;
			files = (
				4F0F3D2521EFDFDA00B42A19 /* SenbayLiveTests.swift in Sources */,
			);
			runOnlyForDeploymentPostprocessing = 0;
		};
		4F0F3D2721EFDFDA00B42A19 /* Sources */ = {
			isa = PBXSourcesBuildPhase;
			buildActionMask = 2147483647;
			files = (
				4F0F3D3021EFDFDA00B42A19 /* SenbayLiveUITests.swift in Sources */,
			);
			runOnlyForDeploymentPostprocessing = 0;
		};
/* End PBXSourcesBuildPhase section */

/* Begin PBXTargetDependency section */
		4F0F3D2221EFDFDA00B42A19 /* PBXTargetDependency */ = {
			isa = PBXTargetDependency;
			target = 4F0F3D0821EFDFD800B42A19 /* SenbayLive */;
			targetProxy = 4F0F3D2121EFDFDA00B42A19 /* PBXContainerItemProxy */;
		};
		4F0F3D2D21EFDFDA00B42A19 /* PBXTargetDependency */ = {
			isa = PBXTargetDependency;
			target = 4F0F3D0821EFDFD800B42A19 /* SenbayLive */;
			targetProxy = 4F0F3D2C21EFDFDA00B42A19 /* PBXContainerItemProxy */;
		};
/* End PBXTargetDependency section */

/* Begin PBXVariantGroup section */
		4F0F3D1021EFDFD800B42A19 /* Main.storyboard */ = {
			isa = PBXVariantGroup;
			children = (
				4F0F3D1121EFDFD800B42A19 /* Base */,
			);
			name = Main.storyboard;
			sourceTree = "<group>";
		};
		4F0F3D1821EFDFDA00B42A19 /* LaunchScreen.storyboard */ = {
			isa = PBXVariantGroup;
			children = (
				4F0F3D1921EFDFDA00B42A19 /* Base */,
			);
			name = LaunchScreen.storyboard;
			sourceTree = "<group>";
		};
/* End PBXVariantGroup section */

/* Begin XCBuildConfiguration section */
		4F0F3D3221EFDFDA00B42A19 /* Debug */ = {
			isa = XCBuildConfiguration;
			buildSettings = {
				ALWAYS_SEARCH_USER_PATHS = NO;
				CLANG_ANALYZER_NONNULL = YES;
				CLANG_ANALYZER_NUMBER_OBJECT_CONVERSION = YES_AGGRESSIVE;
				CLANG_CXX_LANGUAGE_STANDARD = "gnu++14";
				CLANG_CXX_LIBRARY = "libc++";
				CLANG_ENABLE_MODULES = YES;
				CLANG_ENABLE_OBJC_ARC = YES;
				CLANG_ENABLE_OBJC_WEAK = YES;
				CLANG_WARN_BLOCK_CAPTURE_AUTORELEASING = YES;
				CLANG_WARN_BOOL_CONVERSION = YES;
				CLANG_WARN_COMMA = YES;
				CLANG_WARN_CONSTANT_CONVERSION = YES;
				CLANG_WARN_DEPRECATED_OBJC_IMPLEMENTATIONS = YES;
				CLANG_WARN_DIRECT_OBJC_ISA_USAGE = YES_ERROR;
				CLANG_WARN_DOCUMENTATION_COMMENTS = YES;
				CLANG_WARN_EMPTY_BODY = YES;
				CLANG_WARN_ENUM_CONVERSION = YES;
				CLANG_WARN_INFINITE_RECURSION = YES;
				CLANG_WARN_INT_CONVERSION = YES;
				CLANG_WARN_NON_LITERAL_NULL_CONVERSION = YES;
				CLANG_WARN_OBJC_IMPLICIT_RETAIN_SELF = YES;
				CLANG_WARN_OBJC_LITERAL_CONVERSION = YES;
				CLANG_WARN_OBJC_ROOT_CLASS = YES_ERROR;
				CLANG_WARN_RANGE_LOOP_ANALYSIS = YES;
				CLANG_WARN_STRICT_PROTOTYPES = YES;
				CLANG_WARN_SUSPICIOUS_MOVE = YES;
				CLANG_WARN_UNGUARDED_AVAILABILITY = YES_AGGRESSIVE;
				CLANG_WARN_UNREACHABLE_CODE = YES;
				CLANG_WARN__DUPLICATE_METHOD_MATCH = YES;
				CODE_SIGN_IDENTITY = "iPhone Developer";
				COPY_PHASE_STRIP = NO;
				DEBUG_INFORMATION_FORMAT = dwarf;
				ENABLE_STRICT_OBJC_MSGSEND = YES;
				ENABLE_TESTABILITY = YES;
				GCC_C_LANGUAGE_STANDARD = gnu11;
				GCC_DYNAMIC_NO_PIC = NO;
				GCC_NO_COMMON_BLOCKS = YES;
				GCC_OPTIMIZATION_LEVEL = 0;
				GCC_PREPROCESSOR_DEFINITIONS = (
					"DEBUG=1",
					"$(inherited)",
				);
				GCC_WARN_64_TO_32_BIT_CONVERSION = YES;
				GCC_WARN_ABOUT_RETURN_TYPE = YES_ERROR;
				GCC_WARN_UNDECLARED_SELECTOR = YES;
				GCC_WARN_UNINITIALIZED_AUTOS = YES_AGGRESSIVE;
				GCC_WARN_UNUSED_FUNCTION = YES;
				GCC_WARN_UNUSED_VARIABLE = YES;
				IPHONEOS_DEPLOYMENT_TARGET = 12.1;
				MTL_ENABLE_DEBUG_INFO = INCLUDE_SOURCE;
				MTL_FAST_MATH = YES;
				ONLY_ACTIVE_ARCH = YES;
				SDKROOT = iphoneos;
				SWIFT_ACTIVE_COMPILATION_CONDITIONS = DEBUG;
				SWIFT_OPTIMIZATION_LEVEL = "-Onone";
			};
			name = Debug;
		};
		4F0F3D3321EFDFDA00B42A19 /* Release */ = {
			isa = XCBuildConfiguration;
			buildSettings = {
				ALWAYS_SEARCH_USER_PATHS = NO;
				CLANG_ANALYZER_NONNULL = YES;
				CLANG_ANALYZER_NUMBER_OBJECT_CONVERSION = YES_AGGRESSIVE;
				CLANG_CXX_LANGUAGE_STANDARD = "gnu++14";
				CLANG_CXX_LIBRARY = "libc++";
				CLANG_ENABLE_MODULES = YES;
				CLANG_ENABLE_OBJC_ARC = YES;
				CLANG_ENABLE_OBJC_WEAK = YES;
				CLANG_WARN_BLOCK_CAPTURE_AUTORELEASING = YES;
				CLANG_WARN_BOOL_CONVERSION = YES;
				CLANG_WARN_COMMA = YES;
				CLANG_WARN_CONSTANT_CONVERSION = YES;
				CLANG_WARN_DEPRECATED_OBJC_IMPLEMENTATIONS = YES;
				CLANG_WARN_DIRECT_OBJC_ISA_USAGE = YES_ERROR;
				CLANG_WARN_DOCUMENTATION_COMMENTS = YES;
				CLANG_WARN_EMPTY_BODY = YES;
				CLANG_WARN_ENUM_CONVERSION = YES;
				CLANG_WARN_INFINITE_RECURSION = YES;
				CLANG_WARN_INT_CONVERSION = YES;
				CLANG_WARN_NON_LITERAL_NULL_CONVERSION = YES;
				CLANG_WARN_OBJC_IMPLICIT_RETAIN_SELF = YES;
				CLANG_WARN_OBJC_LITERAL_CONVERSION = YES;
				CLANG_WARN_OBJC_ROOT_CLASS = YES_ERROR;
				CLANG_WARN_RANGE_LOOP_ANALYSIS = YES;
				CLANG_WARN_STRICT_PROTOTYPES = YES;
				CLANG_WARN_SUSPICIOUS_MOVE = YES;
				CLANG_WARN_UNGUARDED_AVAILABILITY = YES_AGGRESSIVE;
				CLANG_WARN_UNREACHABLE_CODE = YES;
				CLANG_WARN__DUPLICATE_METHOD_MATCH = YES;
				CODE_SIGN_IDENTITY = "iPhone Developer";
				COPY_PHASE_STRIP = NO;
				DEBUG_INFORMATION_FORMAT = "dwarf-with-dsym";
				ENABLE_NS_ASSERTIONS = NO;
				ENABLE_STRICT_OBJC_MSGSEND = YES;
				GCC_C_LANGUAGE_STANDARD = gnu11;
				GCC_NO_COMMON_BLOCKS = YES;
				GCC_WARN_64_TO_32_BIT_CONVERSION = YES;
				GCC_WARN_ABOUT_RETURN_TYPE = YES_ERROR;
				GCC_WARN_UNDECLARED_SELECTOR = YES;
				GCC_WARN_UNINITIALIZED_AUTOS = YES_AGGRESSIVE;
				GCC_WARN_UNUSED_FUNCTION = YES;
				GCC_WARN_UNUSED_VARIABLE = YES;
				IPHONEOS_DEPLOYMENT_TARGET = 12.1;
				MTL_ENABLE_DEBUG_INFO = NO;
				MTL_FAST_MATH = YES;
				SDKROOT = iphoneos;
				SWIFT_COMPILATION_MODE = wholemodule;
				SWIFT_OPTIMIZATION_LEVEL = "-O";
				VALIDATE_PRODUCT = YES;
			};
			name = Release;
		};
		4F0F3D3521EFDFDA00B42A19 /* Debug */ = {
			isa = XCBuildConfiguration;
			buildSettings = {
				ASSETCATALOG_COMPILER_APPICON_NAME = AppIcon;
				CODE_SIGN_STYLE = Automatic;
				DEVELOPMENT_TEAM = FH352PYMNC;
				INFOPLIST_FILE = SenbayLive/Info.plist;
				LD_RUNPATH_SEARCH_PATHS = (
					"$(inherited)",
					"@executable_path/Frameworks",
				);
				PRODUCT_BUNDLE_IDENTIFIER = com.yuukinishiyama.ios.senbay.live.SenbayLive;
				PRODUCT_NAME = "$(TARGET_NAME)";
				SWIFT_VERSION = 4.2;
				TARGETED_DEVICE_FAMILY = "1,2";
			};
			name = Debug;
		};
		4F0F3D3621EFDFDA00B42A19 /* Release */ = {
			isa = XCBuildConfiguration;
			buildSettings = {
				ASSETCATALOG_COMPILER_APPICON_NAME = AppIcon;
				CODE_SIGN_STYLE = Automatic;
				DEVELOPMENT_TEAM = FH352PYMNC;
				INFOPLIST_FILE = SenbayLive/Info.plist;
				LD_RUNPATH_SEARCH_PATHS = (
					"$(inherited)",
					"@executable_path/Frameworks",
				);
				PRODUCT_BUNDLE_IDENTIFIER = com.yuukinishiyama.ios.senbay.live.SenbayLive;
				PRODUCT_NAME = "$(TARGET_NAME)";
				SWIFT_VERSION = 4.2;
				TARGETED_DEVICE_FAMILY = "1,2";
			};
			name = Release;
		};
		4F0F3D3821EFDFDA00B42A19 /* Debug */ = {
			isa = XCBuildConfiguration;
			buildSettings = {
				ALWAYS_EMBED_SWIFT_STANDARD_LIBRARIES = YES;
				BUNDLE_LOADER = "$(TEST_HOST)";
				CODE_SIGN_STYLE = Automatic;
				DEVELOPMENT_TEAM = FH352PYMNC;
				INFOPLIST_FILE = SenbayLiveTests/Info.plist;
				LD_RUNPATH_SEARCH_PATHS = (
					"$(inherited)",
					"@executable_path/Frameworks",
					"@loader_path/Frameworks",
				);
				PRODUCT_BUNDLE_IDENTIFIER = com.yuukinishiyama.ios.senbay.live.SenbayLiveTests;
				PRODUCT_NAME = "$(TARGET_NAME)";
				SWIFT_VERSION = 4.2;
				TARGETED_DEVICE_FAMILY = "1,2";
				TEST_HOST = "$(BUILT_PRODUCTS_DIR)/SenbayLive.app/SenbayLive";
			};
			name = Debug;
		};
		4F0F3D3921EFDFDA00B42A19 /* Release */ = {
			isa = XCBuildConfiguration;
			buildSettings = {
				ALWAYS_EMBED_SWIFT_STANDARD_LIBRARIES = YES;
				BUNDLE_LOADER = "$(TEST_HOST)";
				CODE_SIGN_STYLE = Automatic;
				DEVELOPMENT_TEAM = FH352PYMNC;
				INFOPLIST_FILE = SenbayLiveTests/Info.plist;
				LD_RUNPATH_SEARCH_PATHS = (
					"$(inherited)",
					"@executable_path/Frameworks",
					"@loader_path/Frameworks",
				);
				PRODUCT_BUNDLE_IDENTIFIER = com.yuukinishiyama.ios.senbay.live.SenbayLiveTests;
				PRODUCT_NAME = "$(TARGET_NAME)";
				SWIFT_VERSION = 4.2;
				TARGETED_DEVICE_FAMILY = "1,2";
				TEST_HOST = "$(BUILT_PRODUCTS_DIR)/SenbayLive.app/SenbayLive";
			};
			name = Release;
		};
		4F0F3D3B21EFDFDA00B42A19 /* Debug */ = {
			isa = XCBuildConfiguration;
			buildSettings = {
				ALWAYS_EMBED_SWIFT_STANDARD_LIBRARIES = YES;
				CODE_SIGN_STYLE = Automatic;
				DEVELOPMENT_TEAM = FH352PYMNC;
				INFOPLIST_FILE = SenbayLiveUITests/Info.plist;
				LD_RUNPATH_SEARCH_PATHS = (
					"$(inherited)",
					"@executable_path/Frameworks",
					"@loader_path/Frameworks",
				);
				PRODUCT_BUNDLE_IDENTIFIER = com.yuukinishiyama.ios.senbay.live.SenbayLiveUITests;
				PRODUCT_NAME = "$(TARGET_NAME)";
				SWIFT_VERSION = 4.2;
				TARGETED_DEVICE_FAMILY = "1,2";
				TEST_TARGET_NAME = SenbayLive;
			};
			name = Debug;
		};
		4F0F3D3C21EFDFDA00B42A19 /* Release */ = {
			isa = XCBuildConfiguration;
			buildSettings = {
				ALWAYS_EMBED_SWIFT_STANDARD_LIBRARIES = YES;
				CODE_SIGN_STYLE = Automatic;
				DEVELOPMENT_TEAM = FH352PYMNC;
				INFOPLIST_FILE = SenbayLiveUITests/Info.plist;
				LD_RUNPATH_SEARCH_PATHS = (
					"$(inherited)",
					"@executable_path/Frameworks",
					"@loader_path/Frameworks",
				);
				PRODUCT_BUNDLE_IDENTIFIER = com.yuukinishiyama.ios.senbay.live.SenbayLiveUITests;
				PRODUCT_NAME = "$(TARGET_NAME)";
				SWIFT_VERSION = 4.2;
				TARGETED_DEVICE_FAMILY = "1,2";
				TEST_TARGET_NAME = SenbayLive;
			};
			name = Release;
		};
/* End XCBuildConfiguration section */

/* Begin XCConfigurationList section */
		4F0F3D0421EFDFD800B42A19 /* Build configuration list for PBXProject "SenbayLive" */ = {
			isa = XCConfigurationList;
			buildConfigurations = (
				4F0F3D3221EFDFDA00B42A19 /* Debug */,
				4F0F3D3321EFDFDA00B42A19 /* Release */,
			);
			defaultConfigurationIsVisible = 0;
			defaultConfigurationName = Release;
		};
		4F0F3D3421EFDFDA00B42A19 /* Build configuration list for PBXNativeTarget "SenbayLive" */ = {
			isa = XCConfigurationList;
			buildConfigurations = (
				4F0F3D3521EFDFDA00B42A19 /* Debug */,
				4F0F3D3621EFDFDA00B42A19 /* Release */,
			);
			defaultConfigurationIsVisible = 0;
			defaultConfigurationName = Release;
		};
		4F0F3D3721EFDFDA00B42A19 /* Build configuration list for PBXNativeTarget "SenbayLiveTests" */ = {
			isa = XCConfigurationList;
			buildConfigurations = (
				4F0F3D3821EFDFDA00B42A19 /* Debug */,
				4F0F3D3921EFDFDA00B42A19 /* Release */,
			);
			defaultConfigurationIsVisible = 0;
			defaultConfigurationName = Release;
		};
		4F0F3D3A21EFDFDA00B42A19 /* Build configuration list for PBXNativeTarget "SenbayLiveUITests" */ = {
			isa = XCConfigurationList;
			buildConfigurations = (
				4F0F3D3B21EFDFDA00B42A19 /* Debug */,
				4F0F3D3C21EFDFDA00B42A19 /* Release */,
			);
			defaultConfigurationIsVisible = 0;
			defaultConfigurationName = Release;
		};
/* End XCConfigurationList section */

/* Begin XCVersionGroup section */
		4F0F3D1321EFDFD800B42A19 /* SenbayLive.xcdatamodeld */ = {
			isa = XCVersionGroup;
			children = (
				4F0F3D1421EFDFD800B42A19 /* SenbayLive.xcdatamodel */,
			);
			currentVersion = 4F0F3D1421EFDFD800B42A19 /* SenbayLive.xcdatamodel */;
			path = SenbayLive.xcdatamodeld;
			sourceTree = "<group>";
			versionGroupType = wrapper.xcdatamodel;
		};
/* End XCVersionGroup section */
	};
	rootObject = 4F0F3D0121EFDFD800B42A19 /* Project object */;
}
